<?xml version="1.0" encoding="utf-8"?>
<Project ToolsVersion="4.0" xmlns="http://schemas.microsoft.com/developer/msbuild/2003">
  <ItemGroup>
    <Filter Include="Source Files">
      <UniqueIdentifier>{4FC737F1-C7A5-4376-A066-2A32D752A2FF}</UniqueIdentifier>
      <Extensions>cpp;c;cc;cxx;c++;cppm;ixx;def;odl;idl;hpj;bat;asm;asmx</Extensions>
    </Filter>
    <Filter Include="Header Files">
      <UniqueIdentifier>{93995380-89BD-4b04-88EB-625FBE52EBFB}</UniqueIdentifier>
      <Extensions>h;hh;hpp;hxx;h++;hm;inl;inc;ipp;xsd</Extensions>
    </Filter>
    <Filter Include="Resource Files">
      <UniqueIdentifier>{67DA6AB6-F800-4c08-8B7A-83BB121AAD01}</UniqueIdentifier>
      <Extensions>rc;ico;cur;bmp;dlg;rc2;rct;bin;rgs;gif;jpg;jpeg;jpe;resx;tiff;tif;png;wav;mfcribbon-ms</Extensions>
    </Filter>
    <Filter Include="BMPLoader %28James Kelly%29 probably removing">
      <UniqueIdentifier>{731ee4b5-ce97-473d-82c2-fca20a0d343a}</UniqueIdentifier>
    </Filter>
    <Filter Include="FBO %28Frame Buffer Object%29">
      <UniqueIdentifier>{e6b3a844-ba4d-4f15-b159-f69900775035}</UniqueIdentifier>
    </Filter>
    <Filter Include="Finite State Machine">
      <UniqueIdentifier>{90ad33b0-83bf-44f0-bd81-83c2f195aaa5}</UniqueIdentifier>
    </Filter>
    <Filter Include="Global">
      <UniqueIdentifier>{15bc539b-46b5-4d7a-bc16-2d6b53b00441}</UniqueIdentifier>
    </Filter>
    <Filter Include="Graph Node Search">
      <UniqueIdentifier>{d723d3c0-fea3-47cb-bfa7-7d00e037aa67}</UniqueIdentifier>
    </Filter>
    <Filter Include="Input">
      <UniqueIdentifier>{b49a9ebb-a483-43e9-8712-78e5613be25e}</UniqueIdentifier>
    </Filter>
    <Filter Include="Light Manager">
      <UniqueIdentifier>{e62b7f85-0ecd-44be-8337-b993b8c6be55}</UniqueIdentifier>
    </Filter>
    <Filter Include="Mediator">
      <UniqueIdentifier>{a383ef74-2211-4ada-ac01-5357d3afa852}</UniqueIdentifier>
    </Filter>
    <Filter Include="Meshes">
      <UniqueIdentifier>{61fee14a-4e49-4569-a301-bc6afb911eae}</UniqueIdentifier>
    </Filter>
    <Filter Include="Meshes\VAOManager">
      <UniqueIdentifier>{0ef784c3-1665-487f-971d-5616b09dc238}</UniqueIdentifier>
    </Filter>
    <Filter Include="ShaderManager">
      <UniqueIdentifier>{51f53793-8d6a-423b-859f-7f890c3d2678}</UniqueIdentifier>
    </Filter>
    <Filter Include="ShaderManager\Shaders">
      <UniqueIdentifier>{3b184609-9cd9-400c-b613-1b69d83269a7}</UniqueIdentifier>
    </Filter>
    <Filter Include="Texture Manager">
      <UniqueIdentifier>{4af694ac-3a0c-4726-910e-f39353a9e7bc}</UniqueIdentifier>
    </Filter>
    <Filter Include="Builders">
      <UniqueIdentifier>{a2a6b8fa-4c6c-42cc-9abd-5e7c9680ee40}</UniqueIdentifier>
    </Filter>
    <Filter Include="Entities %28Objects%29">
      <UniqueIdentifier>{c9fd2cb3-84ea-4dce-b7dd-ee19d22997c3}</UniqueIdentifier>
    </Filter>
    <Filter Include="Entities %28Objects%29\Objects">
      <UniqueIdentifier>{59db20e1-197e-4c6d-9da3-761d579dc101}</UniqueIdentifier>
    </Filter>
    <Filter Include="Entities %28Objects%29\Entities">
      <UniqueIdentifier>{228a1b4e-60e5-4bf7-b88e-fdc3431475de}</UniqueIdentifier>
    </Filter>
    <Filter Include="Finite State Machine\States %28A.I. Project, very specific%29">
      <UniqueIdentifier>{19981df7-71b0-4a68-91bd-8a585db56f93}</UniqueIdentifier>
    </Filter>
    <Filter Include="Entities %28Objects%29\Entities\Enemy FSM System">
      <UniqueIdentifier>{2404c4e9-04bb-432e-9213-1e10463e1e33}</UniqueIdentifier>
    </Filter>
    <Filter Include="Entities %28Objects%29\Entities\Enemy FSM System\sStates">
      <UniqueIdentifier>{513dc7a6-a6a3-4a01-89ec-cb7a6404cf64}</UniqueIdentifier>
    </Filter>
    <Filter Include="Particle Physics">
      <UniqueIdentifier>{a31345af-d2b1-42c7-8cb9-08a36bf965bb}</UniqueIdentifier>
    </Filter>
    <Filter Include="Particle Physics\Fire">
      <UniqueIdentifier>{84b9b684-2bc2-4d3e-bc0c-a2fe0decf31e}</UniqueIdentifier>
    </Filter>
  </ItemGroup>
  <ItemGroup>
    <ClCompile Include="BMPImage.cpp">
      <Filter>BMPLoader %28James Kelly%29 probably removing</Filter>
    </ClCompile>
    <ClCompile Include="ResourceManager.cpp">
      <Filter>BMPLoader %28James Kelly%29 probably removing</Filter>
    </ClCompile>
    <ClCompile Include="cFBO\cFBO.cpp">
      <Filter>FBO %28Frame Buffer Object%29</Filter>
    </ClCompile>
    <ClCompile Include="FSMState.cpp">
      <Filter>Finite State Machine\States %28A.I. Project, very specific%29</Filter>
    </ClCompile>
    <ClCompile Include="GatherState.cpp">
      <Filter>Finite State Machine\States %28A.I. Project, very specific%29</Filter>
    </ClCompile>
    <ClCompile Include="IdleState.cpp">
      <Filter>Finite State Machine\States %28A.I. Project, very specific%29</Filter>
    </ClCompile>
    <ClCompile Include="ReturnState.cpp">
      <Filter>Finite State Machine\States %28A.I. Project, very specific%29</Filter>
    </ClCompile>
    <ClCompile Include="SearchState.cpp">
      <Filter>Finite State Machine\States %28A.I. Project, very specific%29</Filter>
    </ClCompile>
    <ClCompile Include="cFSMEntity.cpp">
      <Filter>Finite State Machine</Filter>
    </ClCompile>
    <ClCompile Include="FSMSystem.cpp">
      <Filter>Finite State Machine</Filter>
    </ClCompile>
    <ClCompile Include="globalThings.cpp">
      <Filter>Global</Filter>
    </ClCompile>
    <ClCompile Include="Shutdown.cpp">
      <Filter>Global</Filter>
    </ClCompile>
    <ClCompile Include="StartUp.cpp">
      <Filter>Global</Filter>
    </ClCompile>
    <ClCompile Include="Graph.cpp">
      <Filter>Graph Node Search</Filter>
    </ClCompile>
    <ClCompile Include="GraphSearches.cpp">
      <Filter>Graph Node Search</Filter>
    </ClCompile>
    <ClCompile Include="cGLFWKeyboadModifiers.cpp">
      <Filter>Input</Filter>
    </ClCompile>
    <ClCompile Include="GLFW_error_callback.cpp">
      <Filter>Input</Filter>
    </ClCompile>
    <ClCompile Include="GLFW_key_callback.cpp">
      <Filter>Input</Filter>
    </ClCompile>
    <ClCompile Include="InputHandling.cpp">
      <Filter>Input</Filter>
    </ClCompile>
    <ClCompile Include="cLightHelper.cpp">
      <Filter>Light Manager</Filter>
    </ClCompile>
    <ClCompile Include="cLightManager.cpp">
      <Filter>Light Manager</Filter>
    </ClCompile>
    <ClCompile Include="cMediator.cpp">
      <Filter>Mediator</Filter>
    </ClCompile>
    <ClCompile Include="cMediator_Imp.cpp">
      <Filter>Mediator</Filter>
    </ClCompile>
    <ClCompile Include="cMesh.cpp">
      <Filter>Meshes</Filter>
    </ClCompile>
    <ClCompile Include="cVAOManager.cpp">
      <Filter>Meshes\VAOManager</Filter>
    </ClCompile>
    <ClCompile Include="cShader.cpp">
      <Filter>ShaderManager</Filter>
    </ClCompile>
    <ClCompile Include="cShaderManager.cpp">
      <Filter>ShaderManager</Filter>
    </ClCompile>
    <ClCompile Include="DrawObject_function.cpp">
      <Filter>Source Files</Filter>
    </ClCompile>
    <ClCompile Include="main.cpp">
      <Filter>Source Files</Filter>
    </ClCompile>
    <ClCompile Include="TextureMapping\C24BitBMPpixel.cpp">
      <Filter>Texture Manager</Filter>
    </ClCompile>
    <ClCompile Include="TextureMapping\cBasicTextureManager.cpp">
      <Filter>Texture Manager</Filter>
    </ClCompile>
    <ClCompile Include="TextureMapping\CTextureFromBMP.cpp">
      <Filter>Texture Manager</Filter>
    </ClCompile>
    <ClCompile Include="..\common\glad.c">
      <Filter>Source Files</Filter>
    </ClCompile>
    <ClCompile Include="cDungeonMeshBuilder.cpp">
      <Filter>Builders</Filter>
    </ClCompile>
    <ClCompile Include="cTorchObject.cpp">
      <Filter>Entities %28Objects%29\Objects</Filter>
    </ClCompile>
    <ClCompile Include="Main_Functions.cpp">
      <Filter>Source Files</Filter>
    </ClCompile>
    <ClCompile Include="Main_Load_Functions.cpp">
      <Filter>Source Files</Filter>
    </ClCompile>
    <ClCompile Include="cPlayerEntity.cpp">
      <Filter>Entities %28Objects%29\Entities</Filter>
    </ClCompile>
    <ClCompile Include="sFSMSystem.cpp">
      <Filter>Entities %28Objects%29\Entities\Enemy FSM System</Filter>
    </ClCompile>
    <ClCompile Include="sFSMState.cpp">
      <Filter>Entities %28Objects%29\Entities\Enemy FSM System\sStates</Filter>
    </ClCompile>
    <ClCompile Include="sIdleState.cpp">
      <Filter>Entities %28Objects%29\Entities\Enemy FSM System\sStates</Filter>
    </ClCompile>
    <ClCompile Include="sWanderState.cpp">
      <Filter>Entities %28Objects%29\Entities\Enemy FSM System\sStates</Filter>
    </ClCompile>
    <ClCompile Include="cEntityBuilder.cpp">
      <Filter>Builders</Filter>
    </ClCompile>
    <ClCompile Include="cWanderEnemy.cpp">
      <Filter>Entities %28Objects%29\Entities</Filter>
    </ClCompile>
    <ClCompile Include="sEnclosedWanderState.cpp">
      <Filter>Entities %28Objects%29\Entities\Enemy FSM System\sStates</Filter>
    </ClCompile>
    <ClCompile Include="sApproachState.cpp">
      <Filter>Entities %28Objects%29\Entities\Enemy FSM System\sStates</Filter>
    </ClCompile>
    <ClCompile Include="sAttackState.cpp">
      <Filter>Entities %28Objects%29\Entities\Enemy FSM System\sStates</Filter>
    </ClCompile>
    <ClCompile Include="cListeningEnemy.cpp">
      <Filter>Entities %28Objects%29\Entities</Filter>
    </ClCompile>
    <ClCompile Include="cFootprints.cpp">
      <Filter>Entities %28Objects%29\Objects</Filter>
    </ClCompile>
    <ClCompile Include="cBedObject.cpp">
      <Filter>Entities %28Objects%29\Objects</Filter>
    </ClCompile>
    <ClCompile Include="cBookshelfObject.cpp">
      <Filter>Entities %28Objects%29\Objects</Filter>
    </ClCompile>
    <ClCompile Include="cChairObject.cpp">
      <Filter>Entities %28Objects%29\Objects</Filter>
    </ClCompile>
    <ClCompile Include="cCrystal01Object.cpp">
      <Filter>Entities %28Objects%29\Objects</Filter>
    </ClCompile>
    <ClCompile Include="cCrystal02Object.cpp">
      <Filter>Entities %28Objects%29\Objects</Filter>
    </ClCompile>
    <ClCompile Include="cTableObject.cpp">
      <Filter>Entities %28Objects%29\Objects</Filter>
    </ClCompile>
    <ClCompile Include="cWardrobeObject.cpp">
      <Filter>Entities %28Objects%29\Objects</Filter>
    </ClCompile>
    <ClCompile Include="cTreasureObject.cpp">
      <Filter>Entities %28Objects%29\Objects</Filter>
    </ClCompile>
    <ClCompile Include="sExitMazeState.cpp">
      <Filter>Entities %28Objects%29\Entities\Enemy FSM System\sStates</Filter>
    </ClCompile>
    <ClCompile Include="src\physics\cParticle.cpp">
      <Filter>Particle Physics</Filter>
    </ClCompile>
    <ClCompile Include="src\physics\cParticleContact.cpp">
      <Filter>Particle Physics</Filter>
    </ClCompile>
    <ClCompile Include="src\physics\cParticleContactResolver.cpp">
      <Filter>Particle Physics</Filter>
    </ClCompile>
    <ClCompile Include="src\physics\cParticleForceRegistry.cpp">
      <Filter>Particle Physics</Filter>
    </ClCompile>
    <ClCompile Include="src\physics\cParticleWorld.cpp">
      <Filter>Particle Physics</Filter>
    </ClCompile>
    <ClCompile Include="src\physics\particle_constraints.cpp">
      <Filter>Particle Physics</Filter>
    </ClCompile>
    <ClCompile Include="src\physics\particle_contact_generators.cpp">
      <Filter>Particle Physics</Filter>
    </ClCompile>
    <ClCompile Include="src\physics\random_helpers.cpp">
      <Filter>Particle Physics</Filter>
    </ClCompile>
    <ClCompile Include="cFireParticle.cpp">
      <Filter>Particle Physics\Fire</Filter>
    </ClCompile>
  </ItemGroup>
  <ItemGroup>
    <ClInclude Include="BMPImage.h">
      <Filter>BMPLoader %28James Kelly%29 probably removing</Filter>
    </ClInclude>
    <ClInclude Include="ResourceManager.h">
      <Filter>BMPLoader %28James Kelly%29 probably removing</Filter>
    </ClInclude>
    <ClInclude Include="cFBO\cFBO.h">
      <Filter>FBO %28Frame Buffer Object%29</Filter>
    </ClInclude>
    <ClInclude Include="FSMState.h">
      <Filter>Finite State Machine\States %28A.I. Project, very specific%29</Filter>
    </ClInclude>
    <ClInclude Include="GatherState.h">
      <Filter>Finite State Machine\States %28A.I. Project, very specific%29</Filter>
    </ClInclude>
    <ClInclude Include="IdleState.h">
      <Filter>Finite State Machine\States %28A.I. Project, very specific%29</Filter>
    </ClInclude>
    <ClInclude Include="ReturnState.h">
      <Filter>Finite State Machine\States %28A.I. Project, very specific%29</Filter>
    </ClInclude>
    <ClInclude Include="SearchState.h">
      <Filter>Finite State Machine\States %28A.I. Project, very specific%29</Filter>
    </ClInclude>
    <ClInclude Include="cFSMEntity.h">
      <Filter>Finite State Machine</Filter>
    </ClInclude>
    <ClInclude Include="FSMSystem.h">
      <Filter>Finite State Machine</Filter>
    </ClInclude>
    <ClInclude Include="MapInfo.h">
      <Filter>Finite State Machine</Filter>
    </ClInclude>
    <ClInclude Include="globalThings.h">
      <Filter>Global</Filter>
    </ClInclude>
    <ClInclude Include="Graph.h">
      <Filter>Graph Node Search</Filter>
    </ClInclude>
    <ClInclude Include="Vertex.h">
      <Filter>Graph Node Search</Filter>
    </ClInclude>
    <ClInclude Include="GLCommon.h">
      <Filter>Header Files</Filter>
    </ClInclude>
    <ClInclude Include="GLMCommon.h">
      <Filter>Header Files</Filter>
    </ClInclude>
    <ClInclude Include="cLightHelper.h">
      <Filter>Light Manager</Filter>
    </ClInclude>
    <ClInclude Include="cLightManager.h">
      <Filter>Light Manager</Filter>
    </ClInclude>
    <ClInclude Include="cMediator.h">
      <Filter>Mediator</Filter>
    </ClInclude>
    <ClInclude Include="cMediator_Imp.h">
      <Filter>Mediator</Filter>
    </ClInclude>
    <ClInclude Include="iMediator.h">
      <Filter>Mediator</Filter>
    </ClInclude>
    <ClInclude Include="iMessage.h">
      <Filter>Mediator</Filter>
    </ClInclude>
    <ClInclude Include="cMesh.h">
      <Filter>Meshes</Filter>
    </ClInclude>
    <ClInclude Include="cVAOManager.h">
      <Filter>Meshes\VAOManager</Filter>
    </ClInclude>
    <ClInclude Include="cShaderManager.h">
      <Filter>ShaderManager</Filter>
    </ClInclude>
    <ClInclude Include="sVertex_types.h">
      <Filter>Source Files</Filter>
    </ClInclude>
    <ClInclude Include="TextureMapping\C24BitBMPpixel.h">
      <Filter>Texture Manager</Filter>
    </ClInclude>
    <ClInclude Include="TextureMapping\cBasicTextureManager.h">
      <Filter>Texture Manager</Filter>
    </ClInclude>
    <ClInclude Include="TextureMapping\CTextureFromBMP.h">
      <Filter>Texture Manager</Filter>
    </ClInclude>
    <ClInclude Include="cDungeonMeshBuilder.h">
      <Filter>Builders</Filter>
    </ClInclude>
    <ClInclude Include="cTorchObject.h">
      <Filter>Entities %28Objects%29\Objects</Filter>
    </ClInclude>
    <ClInclude Include="iEntity.h">
      <Filter>Entities %28Objects%29</Filter>
    </ClInclude>
    <ClInclude Include="cPlayerEntity.h">
      <Filter>Entities %28Objects%29\Entities</Filter>
    </ClInclude>
    <ClInclude Include="sFSMSystem.h">
      <Filter>Entities %28Objects%29\Entities\Enemy FSM System</Filter>
    </ClInclude>
    <ClInclude Include="sFSMState.h">
      <Filter>Entities %28Objects%29\Entities\Enemy FSM System\sStates</Filter>
    </ClInclude>
    <ClInclude Include="sIdleState.h">
      <Filter>Entities %28Objects%29\Entities\Enemy FSM System\sStates</Filter>
    </ClInclude>
    <ClInclude Include="sWanderState.h">
      <Filter>Entities %28Objects%29\Entities\Enemy FSM System\sStates</Filter>
    </ClInclude>
    <ClInclude Include="cEntityBuilder.h">
      <Filter>Builders</Filter>
    </ClInclude>
    <ClInclude Include="cWanderEnemy.h">
      <Filter>Entities %28Objects%29\Entities</Filter>
    </ClInclude>
    <ClInclude Include="sEnclosedWanderState.h">
      <Filter>Entities %28Objects%29\Entities\Enemy FSM System\sStates</Filter>
    </ClInclude>
    <ClInclude Include="sAttackState.h">
      <Filter>Entities %28Objects%29\Entities\Enemy FSM System\sStates</Filter>
    </ClInclude>
    <ClInclude Include="sApproachState.h">
      <Filter>Entities %28Objects%29\Entities\Enemy FSM System\sStates</Filter>
    </ClInclude>
    <ClInclude Include="cListeningEnemy.h">
      <Filter>Entities %28Objects%29\Entities</Filter>
    </ClInclude>
    <ClInclude Include="cFootprints.h">
      <Filter>Entities %28Objects%29\Objects</Filter>
    </ClInclude>
    <ClInclude Include="cBedObject.h">
      <Filter>Entities %28Objects%29\Objects</Filter>
    </ClInclude>
    <ClInclude Include="cBookshelfObject.h">
      <Filter>Entities %28Objects%29\Objects</Filter>
    </ClInclude>
    <ClInclude Include="cChairObject.h">
      <Filter>Entities %28Objects%29\Objects</Filter>
    </ClInclude>
    <ClInclude Include="cCrystal01Object.h">
      <Filter>Entities %28Objects%29\Objects</Filter>
    </ClInclude>
    <ClInclude Include="cCrystal02Object.h">
      <Filter>Entities %28Objects%29\Objects</Filter>
    </ClInclude>
    <ClInclude Include="cTableObject.h">
      <Filter>Entities %28Objects%29\Objects</Filter>
    </ClInclude>
    <ClInclude Include="cWardrobeObject.h">
      <Filter>Entities %28Objects%29\Objects</Filter>
    </ClInclude>
    <ClInclude Include="cTreasureObject.h">
      <Filter>Entities %28Objects%29\Objects</Filter>
    </ClInclude>
    <ClInclude Include="sExitMazeState.h">
      <Filter>Entities %28Objects%29\Entities\Enemy FSM System\sStates</Filter>
    </ClInclude>
    <ClInclude Include="include\physics\cParticle.h">
      <Filter>Particle Physics</Filter>
    </ClInclude>
    <ClInclude Include="include\physics\cParticleContact.h">
      <Filter>Particle Physics</Filter>
    </ClInclude>
    <ClInclude Include="include\physics\cParticleContactResolver.h">
      <Filter>Particle Physics</Filter>
    </ClInclude>
    <ClInclude Include="include\physics\cParticleForceRegistry.h">
      <Filter>Particle Physics</Filter>
    </ClInclude>
    <ClInclude Include="include\physics\cParticleWorld.h">
      <Filter>Particle Physics</Filter>
    </ClInclude>
    <ClInclude Include="include\physics\iParticleContactGenerator.h">
      <Filter>Particle Physics</Filter>
    </ClInclude>
    <ClInclude Include="include\physics\iParticleForceGenerator.h">
      <Filter>Particle Physics</Filter>
    </ClInclude>
    <ClInclude Include="include\physics\particle_constraints.h">
      <Filter>Particle Physics</Filter>
    </ClInclude>
    <ClInclude Include="include\physics\particle_contact_generators.h">
      <Filter>Particle Physics</Filter>
    </ClInclude>
    <ClInclude Include="include\physics\random_helpers.h">
      <Filter>Particle Physics</Filter>
    </ClInclude>
    <ClInclude Include="cFireParticle.h">
      <Filter>Particle Physics\Fire</Filter>
    </ClInclude>
  </ItemGroup>
  <ItemGroup>
    <Text Include="assets\lights.txt">
      <Filter>Source Files</Filter>
    </Text>
    <Text Include="assets\worldFile.txt">
      <Filter>Source Files</Filter>
    </Text>
    <Text Include="assets\audio\audioList.txt">
      <Filter>Source Files</Filter>
    </Text>
  </ItemGroup>
  <ItemGroup>
    <None Include="assets\The Catacombs of Horrendous Devastation 01 - Converted.tsv">
      <Filter>Source Files</Filter>
    </None>
    <None Include="assets\shaders\fragShader_01.glsl">
      <Filter>ShaderManager\Shaders</Filter>
    </None>
    <None Include="assets\shaders\geomShader.glsl">
      <Filter>ShaderManager\Shaders</Filter>
    </None>
    <None Include="assets\shaders\vertShader_01.glsl">
      <Filter>ShaderManager\Shaders</Filter>
    </None>
  </ItemGroup>
</Project>